
Microsoft Visual Studio Solution File, Format Version 12.00
# Visual Studio Version 17
VisualStudioVersion = 17.11.35201.85
MinimumVisualStudioVersion = 10.0.40219.1
Project("{FAE04EC0-301F-11D3-BF4B-00C04F79EFBC}") = "ScarletMaidenAP", "ScarletMaidenAP\ScarletMaidenAP.csproj", "{ABE9277B-C632-4600-B7FF-49E15ACE052F}"
EndProject
Global
	GlobalSection(SolutionConfigurationPlatforms) = preSolution
		Debug|Any CPU = Debug|Any CPU
		Release|Any CPU = Release|Any CPU
	EndGlobalSection
	GlobalSection(ProjectConfigurationPlatforms) = postSolution
		{ABE9277B-C632-4600-B7FF-49E15ACE052F}.Debug|Any CPU.ActiveCfg = Debug|Any CPU
		{ABE9277B-C632-4600-B7FF-49E15ACE052F}.Debug|Any CPU.Build.0 = Debug|Any CPU
		{ABE9277B-C632-4600-B7FF-49E15ACE052F}.Release|Any CPU.ActiveCfg = Release|Any CPU
		{ABE9277B-C632-4600-B7FF-49E15ACE052F}.Release|Any CPU.Build.0 = Release|Any CPU
	EndGlobalSection
	GlobalSection(SolutionProperties) = preSolution
		HideSolutionNode = FALSE
	EndGlobalSection
	GlobalSection(ExtensibilityGlobals) = postSolution
		SolutionGuid = {7D051701-F2A0-42D6-B469-8B4E77B7CA88}
	EndGlobalSection
EndGlobal
